
Microsoft Visual Studio Solution File, Format Version 12.00
# Visual Studio Version 16
VisualStudioVersion = 16.0.28803.156
MinimumVisualStudioVersion = 10.0.40219.1
Project("{9A19103F-16F7-4668-BE54-9A1E7A4F7556}") = "Laborator 2", "SMTP\Laborator 2.csproj", "{81ACF3CB-CC71-46BE-B52F-1397155CBE55}"
EndProject
Global
	GlobalSection(SolutionConfigurationPlatforms) = preSolution
		Debug|Any CPU = Debug|Any CPU
		Release|Any CPU = Release|Any CPU
	EndGlobalSection
	GlobalSection(ProjectConfigurationPlatforms) = postSolution
		{81ACF3CB-CC71-46BE-B52F-1397155CBE55}.Debug|Any CPU.ActiveCfg = Debug|Any CPU
		{81ACF3CB-CC71-46BE-B52F-1397155CBE55}.Debug|Any CPU.Build.0 = Debug|Any CPU
		{81ACF3CB-CC71-46BE-B52F-1397155CBE55}.Release|Any CPU.ActiveCfg = Release|Any CPU
		{81ACF3CB-CC71-46BE-B52F-1397155CBE55}.Release|Any CPU.Build.0 = Release|Any CPU
	EndGlobalSection
	GlobalSection(SolutionProperties) = preSolution
		HideSolutionNode = FALSE
	EndGlobalSection
	GlobalSection(ExtensibilityGlobals) = postSolution
		SolutionGuid = {06553AE9-10F1-4AD0-B024-3D55B3AE1F45}
	EndGlobalSection
EndGlobal
